
Microsoft Visual Studio Solution File, Format Version 12.00
# Visual Studio Version 16
VisualStudioVersion = 16.0.31515.178
MinimumVisualStudioVersion = 10.0.40219.1
Project("{FAE04EC0-301F-11D3-BF4B-00C04F79EFBC}") = "NetCoreTwilio", "NetCoreTwilio\NetCoreTwilio.csproj", "{E3F230DE-CBF4-48BF-BB14-5A197060CE05}"
EndProject
Project("{FAE04EC0-301F-11D3-BF4B-00C04F79EFBC}") = "NetFrameworkTwilio", "NetFrameworkTwilio\NetFrameworkTwilio.csproj", "{D56773DA-E1C8-4E61-8149-737E298A3EC9}"
EndProject
Global
	GlobalSection(SolutionConfigurationPlatforms) = preSolution
		Debug|Any CPU = Debug|Any CPU
		Release|Any CPU = Release|Any CPU
	EndGlobalSection
	GlobalSection(ProjectConfigurationPlatforms) = postSolution
		{E3F230DE-CBF4-48BF-BB14-5A197060CE05}.Debug|Any CPU.ActiveCfg = Debug|Any CPU
		{E3F230DE-CBF4-48BF-BB14-5A197060CE05}.Debug|Any CPU.Build.0 = Debug|Any CPU
		{E3F230DE-CBF4-48BF-BB14-5A197060CE05}.Release|Any CPU.ActiveCfg = Release|Any CPU
		{E3F230DE-CBF4-48BF-BB14-5A197060CE05}.Release|Any CPU.Build.0 = Release|Any CPU
		{D56773DA-E1C8-4E61-8149-737E298A3EC9}.Debug|Any CPU.ActiveCfg = Debug|Any CPU
		{D56773DA-E1C8-4E61-8149-737E298A3EC9}.Debug|Any CPU.Build.0 = Debug|Any CPU
		{D56773DA-E1C8-4E61-8149-737E298A3EC9}.Release|Any CPU.ActiveCfg = Release|Any CPU
		{D56773DA-E1C8-4E61-8149-737E298A3EC9}.Release|Any CPU.Build.0 = Release|Any CPU
	EndGlobalSection
	GlobalSection(SolutionProperties) = preSolution
		HideSolutionNode = FALSE
	EndGlobalSection
	GlobalSection(ExtensibilityGlobals) = postSolution
		SolutionGuid = {EA882D82-811C-4B85-9975-9C56B8DF2EFD}
	EndGlobalSection
EndGlobal
